# This file is automatically @generated by Cargo.
# It is not intended for manual editing.
version = 4

[[package]]
name = "fandhe-container-benches"
version = "0.0.0"

[[package]]
name = "fandhe-container-cli"
version = "0.0.0"

[[package]]
name = "fandhe-container-compose-convert"
version = "0.0.0"

[[package]]
name = "fandhe-container-core"
version = "0.0.0"

[[package]]
name = "fandhe-container-cri"
version = "0.0.0"

[[package]]
name = "fandhe-container-gpu"
version = "0.0.0"

[[package]]
name = "fandhe-container-io"
version = "0.0.0"

[[package]]
name = "fandhe-container-microvm"
version = "0.0.0"

[[package]]
name = "fandhe-container-net"
version = "0.0.0"

[[package]]
name = "fandhe-container-oci"
version = "0.0.0"

[[package]]
name = "fandhe-container-platform-macos"
version = "0.0.0"

[[package]]
name = "fandhe-container-platform-windows"
version = "0.0.0"

[[package]]
name = "fandhe-container-plugin"
version = "0.0.0"

[[package]]
name = "fandhe-container-plugin-cri"
version = "0.0.0"

[[package]]
name = "fandhe-container-plugin-macos"
version = "0.0.0"

[[package]]
name = "fandhe-container-plugin-mcp"
version = "0.0.0"

[[package]]
name = "fandhe-container-plugin-microvm"
version = "0.0.0"

[[package]]
name = "fandhe-container-plugin-windows"
version = "0.0.0"

[[package]]
name = "fandhe-container-stack"
version = "0.0.0"

[[package]]
name = "fandhe-container-supervisor"
version = "0.0.0"
